// !$*UTF8*$!
{
	archiveVersion = 1;
	classes = {
	};
	objectVersion = 56;
	objects = {

/* Begin PBXBuildFile section */
		0F0FB36A2BF75558004BD500 /* RakpomApp.swift in Sources */ = {isa = PBXBuildFile; fileRef = 0F0FB3692BF75558004BD500 /* RakpomApp.swift */; };
		0F0FB36C2BF75558004BD500 /* HistoryView.swift in Sources */ = {isa = PBXBuildFile; fileRef = 0F0FB36B2BF75558004BD500 /* HistoryView.swift */; };
		0F0FB36E2BF7555A004BD500 /* Assets.xcassets in Resources */ = {isa = PBXBuildFile; fileRef = 0F0FB36D2BF7555A004BD500 /* Assets.xcassets */; };
		0F0FB3712BF7555A004BD500 /* Preview Assets.xcassets in Resources */ = {isa = PBXBuildFile; fileRef = 0F0FB3702BF7555A004BD500 /* Preview Assets.xcassets */; };
		0F37DD412BFF06D0009BB03D /* ReservationView.swift in Sources */ = {isa = PBXBuildFile; fileRef = 0F37DD402BFF06D0009BB03D /* ReservationView.swift */; };
		0F37DD432C00844A009BB03D /* ConfirmReservationView.swift in Sources */ = {isa = PBXBuildFile; fileRef = 0F37DD422C00844A009BB03D /* ConfirmReservationView.swift */; };
		0F37DD462C046D88009BB03D /* ReviewView.swift in Sources */ = {isa = PBXBuildFile; fileRef = 0F37DD452C046D88009BB03D /* ReviewView.swift */; };
		0F37DD492C047D13009BB03D /* PointView.swift in Sources */ = {isa = PBXBuildFile; fileRef = 0F37DD482C047D13009BB03D /* PointView.swift */; };
		0F37DD4C2C048522009BB03D /* NotificationView.swift in Sources */ = {isa = PBXBuildFile; fileRef = 0F37DD4B2C048522009BB03D /* NotificationView.swift */; };
		0F37DD4F2C04F072009BB03D /* NotoSansThai.ttf in Resources */ = {isa = PBXBuildFile; fileRef = 0F37DD4E2C04F072009BB03D /* NotoSansThai.ttf */; };
		0F37DD532C050D29009BB03D /* PaymentSelectionView.swift in Sources */ = {isa = PBXBuildFile; fileRef = 0F37DD522C050D29009BB03D /* PaymentSelectionView.swift */; };
		0F37DD552C05C3FE009BB03D /* CustomerHeaderView.swift in Sources */ = {isa = PBXBuildFile; fileRef = 0F37DD542C05C3FE009BB03D /* CustomerHeaderView.swift */; };
		0F37DD572C05D9F1009BB03D /* OptionButton.swift in Sources */ = {isa = PBXBuildFile; fileRef = 0F37DD562C05D9F1009BB03D /* OptionButton.swift */; };
		0F37DD592C05DB31009BB03D /* AppButton.swift in Sources */ = {isa = PBXBuildFile; fileRef = 0F37DD582C05DB31009BB03D /* AppButton.swift */; };
		0F37DD5E2C05DE90009BB03D /* ScanConfirmView.swift in Sources */ = {isa = PBXBuildFile; fileRef = 0F37DD5D2C05DE90009BB03D /* ScanConfirmView.swift */; };
		0F37DD602C05DEED009BB03D /* BackHeaderView.swift in Sources */ = {isa = PBXBuildFile; fileRef = 0F37DD5F2C05DEED009BB03D /* BackHeaderView.swift */; };
		0F37DD622C08DBA1009BB03D /* CashConfirmView.swift in Sources */ = {isa = PBXBuildFile; fileRef = 0F37DD612C08DBA1009BB03D /* CashConfirmView.swift */; };
		0F37DD662C08E579009BB03D /* PointConfirmView.swift in Sources */ = {isa = PBXBuildFile; fileRef = 0F37DD652C08E579009BB03D /* PointConfirmView.swift */; };
		0F37DD682C08ECB3009BB03D /* SubmitPaymentView.swift in Sources */ = {isa = PBXBuildFile; fileRef = 0F37DD672C08ECB3009BB03D /* SubmitPaymentView.swift */; };
		0F37DD6A2C08F106009BB03D /* WriteReviewView.swift in Sources */ = {isa = PBXBuildFile; fileRef = 0F37DD692C08F106009BB03D /* WriteReviewView.swift */; };
		0F37DD6C2C08F7F8009BB03D /* ReviewCompletedView.swift in Sources */ = {isa = PBXBuildFile; fileRef = 0F37DD6B2C08F7F8009BB03D /* ReviewCompletedView.swift */; };
		0F37DD6F2C09BF9B009BB03D /* YourPointView.swift in Sources */ = {isa = PBXBuildFile; fileRef = 0F37DD6E2C09BF9B009BB03D /* YourPointView.swift */; };
		0FB4E6542C0B8CE000E6926D /* MonthlyWinPrizeView.swift in Sources */ = {isa = PBXBuildFile; fileRef = 0FB4E6532C0B8CE000E6926D /* MonthlyWinPrizeView.swift */; };
		0FB4E6582C0B98FC00E6926D /* SettingsView.swift in Sources */ = {isa = PBXBuildFile; fileRef = 0FB4E6572C0B98FC00E6926D /* SettingsView.swift */; };
		0FB4E65B2C0B991B00E6926D /* HomeView.swift in Sources */ = {isa = PBXBuildFile; fileRef = 0FB4E65A2C0B991B00E6926D /* HomeView.swift */; };
		0FB4E65D2C0B9EB400E6926D /* SearchingNumberView.swift in Sources */ = {isa = PBXBuildFile; fileRef = 0FB4E65C2C0B9EB400E6926D /* SearchingNumberView.swift */; };
		0FB4E65F2C0F119300E6926D /* ProfileSettingsView.swift in Sources */ = {isa = PBXBuildFile; fileRef = 0FB4E65E2C0F119300E6926D /* ProfileSettingsView.swift */; };
		0FB4E6612C16F6E600E6926D /* GenderSelectionView.swift in Sources */ = {isa = PBXBuildFile; fileRef = 0FB4E6602C16F6E600E6926D /* GenderSelectionView.swift */; };
		0FB4E6672C175EEE00E6926D /* AboutUsView.swift in Sources */ = {isa = PBXBuildFile; fileRef = 0FB4E6662C175EEE00E6926D /* AboutUsView.swift */; };
		0FB4E6692C1770F600E6926D /* PrivacyPolicyView.swift in Sources */ = {isa = PBXBuildFile; fileRef = 0FB4E6682C1770F600E6926D /* PrivacyPolicyView.swift */; };
		0FB4E66B2C17719800E6926D /* TermsView.swift in Sources */ = {isa = PBXBuildFile; fileRef = 0FB4E66A2C17719800E6926D /* TermsView.swift */; };
		0FB4E66E2C183EE000E6926D /* LaunchView.swift in Sources */ = {isa = PBXBuildFile; fileRef = 0FB4E66D2C183EE000E6926D /* LaunchView.swift */; };
		0FB4E6702C1843C400E6926D /* RegistereSelectionView.swift in Sources */ = {isa = PBXBuildFile; fileRef = 0FB4E66F2C1843C400E6926D /* RegistereSelectionView.swift */; };
		0FB4E6722C18D02300E6926D /* SignUpView.swift in Sources */ = {isa = PBXBuildFile; fileRef = 0FB4E6712C18D02300E6926D /* SignUpView.swift */; };
		0FB4E6742C19993A00E6926D /* RakpomSignUpView.swift in Sources */ = {isa = PBXBuildFile; fileRef = 0FB4E6732C19993A00E6926D /* RakpomSignUpView.swift */; };
		0FB4E6772C1AE19C00E6926D /* BarberRegisterView.swift in Sources */ = {isa = PBXBuildFile; fileRef = 0FB4E6762C1AE19C00E6926D /* BarberRegisterView.swift */; };
		0FB4E67A2C1C40CD00E6926D /* OTPView.swift in Sources */ = {isa = PBXBuildFile; fileRef = 0FB4E6792C1C40CD00E6926D /* OTPView.swift */; };
		0FB4E67D2C1C434B00E6926D /* CompletedView.swift in Sources */ = {isa = PBXBuildFile; fileRef = 0FB4E67C2C1C434B00E6926D /* CompletedView.swift */; };
		0FB4E6802C1C474800E6926D /* BarberHomeView.swift in Sources */ = {isa = PBXBuildFile; fileRef = 0FB4E67F2C1C474800E6926D /* BarberHomeView.swift */; };
		0FEECF022C22E42A00CA182B /* TransactionView.swift in Sources */ = {isa = PBXBuildFile; fileRef = 0FEECF012C22E42A00CA182B /* TransactionView.swift */; };
		0FEECF042C22E50600CA182B /* BarberHeaderView.swift in Sources */ = {isa = PBXBuildFile; fileRef = 0FEECF032C22E50600CA182B /* BarberHeaderView.swift */; };
		0FEECF062C22E75100CA182B /* TitleView.swift in Sources */ = {isa = PBXBuildFile; fileRef = 0FEECF052C22E75100CA182B /* TitleView.swift */; };
		0FEECF082C2362E800CA182B /* TransferDetailView.swift in Sources */ = {isa = PBXBuildFile; fileRef = 0FEECF072C2362E800CA182B /* TransferDetailView.swift */; };
		0FF351A52C241168002EE1E7 /* CashDetailView.swift in Sources */ = {isa = PBXBuildFile; fileRef = 0FF351A42C241168002EE1E7 /* CashDetailView.swift */; };
		0FF351A82C241542002EE1E7 /* ShopReservationView.swift in Sources */ = {isa = PBXBuildFile; fileRef = 0FF351A72C241542002EE1E7 /* ShopReservationView.swift */; };
		0FF351AB2C2574F7002EE1E7 /* BarberNotiView.swift in Sources */ = {isa = PBXBuildFile; fileRef = 0FF351AA2C2574F7002EE1E7 /* BarberNotiView.swift */; };
		0FF351AE2C2974CA002EE1E7 /* MyAccountView.swift in Sources */ = {isa = PBXBuildFile; fileRef = 0FF351AD2C2974CA002EE1E7 /* MyAccountView.swift */; };
		0FF351B12C29DE75002EE1E7 /* WithdrawListView.swift in Sources */ = {isa = PBXBuildFile; fileRef = 0FF351B02C29DE75002EE1E7 /* WithdrawListView.swift */; };
		0FF351B32C2C020E002EE1E7 /* RatingView.swift in Sources */ = {isa = PBXBuildFile; fileRef = 0FF351B22C2C020E002EE1E7 /* RatingView.swift */; };
		0FF351B52C2C1269002EE1E7 /* BarberReviewView.swift in Sources */ = {isa = PBXBuildFile; fileRef = 0FF351B42C2C1269002EE1E7 /* BarberReviewView.swift */; };
		0FF351B72C354DDC002EE1E7 /* ImportantNewsView.swift in Sources */ = {isa = PBXBuildFile; fileRef = 0FF351B62C354DDC002EE1E7 /* ImportantNewsView.swift */; };
		0FF351BA2C37F59F002EE1E7 /* ShopSettingsView.swift in Sources */ = {isa = PBXBuildFile; fileRef = 0FF351B92C37F59F002EE1E7 /* ShopSettingsView.swift */; };
		0FF351D92C5162AF002EE1E7 /* CustomerMainView.swift in Sources */ = {isa = PBXBuildFile; fileRef = 0FF351D82C5162AF002EE1E7 /* CustomerMainView.swift */; };
		0FF351DC2C73B5FB002EE1E7 /* CustomTabBar.swift in Sources */ = {isa = PBXBuildFile; fileRef = 0FF351DB2C73B5FB002EE1E7 /* CustomTabBar.swift */; };
		0FF351DE2C73B80B002EE1E7 /* CustomerMainTabView.swift in Sources */ = {isa = PBXBuildFile; fileRef = 0FF351DD2C73B80B002EE1E7 /* CustomerMainTabView.swift */; };
		0FF351E02C74910D002EE1E7 /* BarberCustomTabBar.swift in Sources */ = {isa = PBXBuildFile; fileRef = 0FF351DF2C74910D002EE1E7 /* BarberCustomTabBar.swift */; };
		0FF351E22C7493C2002EE1E7 /* BarberMainTabView.swift in Sources */ = {isa = PBXBuildFile; fileRef = 0FF351E12C7493C2002EE1E7 /* BarberMainTabView.swift */; };
		0FF351E42C749BF3002EE1E7 /* BarberMainView.swift in Sources */ = {isa = PBXBuildFile; fileRef = 0FF351E32C749BF3002EE1E7 /* BarberMainView.swift */; };
		98AFA44B2C8240C500C95DA4 /* HistoryViewModel.swift in Sources */ = {isa = PBXBuildFile; fileRef = 98AFA44A2C8240C500C95DA4 /* HistoryViewModel.swift */; };
		98AFA44D2C8240D000C95DA4 /* ReservationViewModel.swift in Sources */ = {isa = PBXBuildFile; fileRef = 98AFA44C2C8240D000C95DA4 /* ReservationViewModel.swift */; };
/* End PBXBuildFile section */

/* Begin PBXFileReference section */
		0F0FB3662BF75558004BD500 /* Rakpom.app */ = {isa = PBXFileReference; explicitFileType = wrapper.application; includeInIndex = 0; path = Rakpom.app; sourceTree = BUILT_PRODUCTS_DIR; };
		0F0FB3692BF75558004BD500 /* RakpomApp.swift */ = {isa = PBXFileReference; lastKnownFileType = sourcecode.swift; path = RakpomApp.swift; sourceTree = "<group>"; };
		0F0FB36B2BF75558004BD500 /* HistoryView.swift */ = {isa = PBXFileReference; lastKnownFileType = sourcecode.swift; path = HistoryView.swift; sourceTree = "<group>"; };
		0F0FB36D2BF7555A004BD500 /* Assets.xcassets */ = {isa = PBXFileReference; lastKnownFileType = folder.assetcatalog; path = Assets.xcassets; sourceTree = "<group>"; };
		0F0FB3702BF7555A004BD500 /* Preview Assets.xcassets */ = {isa = PBXFileReference; lastKnownFileType = folder.assetcatalog; path = "Preview Assets.xcassets"; sourceTree = "<group>"; };
		0F37DD402BFF06D0009BB03D /* ReservationView.swift */ = {isa = PBXFileReference; lastKnownFileType = sourcecode.swift; path = ReservationView.swift; sourceTree = "<group>"; };
		0F37DD422C00844A009BB03D /* ConfirmReservationView.swift */ = {isa = PBXFileReference; lastKnownFileType = sourcecode.swift; path = ConfirmReservationView.swift; sourceTree = "<group>"; };
		0F37DD452C046D88009BB03D /* ReviewView.swift */ = {isa = PBXFileReference; lastKnownFileType = sourcecode.swift; path = ReviewView.swift; sourceTree = "<group>"; };
		0F37DD482C047D13009BB03D /* PointView.swift */ = {isa = PBXFileReference; lastKnownFileType = sourcecode.swift; path = PointView.swift; sourceTree = "<group>"; };
		0F37DD4B2C048522009BB03D /* NotificationView.swift */ = {isa = PBXFileReference; lastKnownFileType = sourcecode.swift; path = NotificationView.swift; sourceTree = "<group>"; };
		0F37DD4E2C04F072009BB03D /* NotoSansThai.ttf */ = {isa = PBXFileReference; lastKnownFileType = file; path = NotoSansThai.ttf; sourceTree = "<group>"; };
		0F37DD502C04F09F009BB03D /* Info.plist */ = {isa = PBXFileReference; lastKnownFileType = text.plist; path = Info.plist; sourceTree = "<group>"; };
		0F37DD522C050D29009BB03D /* PaymentSelectionView.swift */ = {isa = PBXFileReference; lastKnownFileType = sourcecode.swift; path = PaymentSelectionView.swift; sourceTree = "<group>"; };
		0F37DD542C05C3FE009BB03D /* CustomerHeaderView.swift */ = {isa = PBXFileReference; lastKnownFileType = sourcecode.swift; path = CustomerHeaderView.swift; sourceTree = "<group>"; };
		0F37DD562C05D9F1009BB03D /* OptionButton.swift */ = {isa = PBXFileReference; lastKnownFileType = sourcecode.swift; path = OptionButton.swift; sourceTree = "<group>"; };
		0F37DD582C05DB31009BB03D /* AppButton.swift */ = {isa = PBXFileReference; lastKnownFileType = sourcecode.swift; path = AppButton.swift; sourceTree = "<group>"; };
		0F37DD5D2C05DE90009BB03D /* ScanConfirmView.swift */ = {isa = PBXFileReference; lastKnownFileType = sourcecode.swift; path = ScanConfirmView.swift; sourceTree = "<group>"; };
		0F37DD5F2C05DEED009BB03D /* BackHeaderView.swift */ = {isa = PBXFileReference; lastKnownFileType = sourcecode.swift; path = BackHeaderView.swift; sourceTree = "<group>"; };
		0F37DD612C08DBA1009BB03D /* CashConfirmView.swift */ = {isa = PBXFileReference; lastKnownFileType = sourcecode.swift; path = CashConfirmView.swift; sourceTree = "<group>"; };
		0F37DD652C08E579009BB03D /* PointConfirmView.swift */ = {isa = PBXFileReference; lastKnownFileType = sourcecode.swift; path = PointConfirmView.swift; sourceTree = "<group>"; };
		0F37DD672C08ECB3009BB03D /* SubmitPaymentView.swift */ = {isa = PBXFileReference; lastKnownFileType = sourcecode.swift; path = SubmitPaymentView.swift; sourceTree = "<group>"; };
		0F37DD692C08F106009BB03D /* WriteReviewView.swift */ = {isa = PBXFileReference; lastKnownFileType = sourcecode.swift; path = WriteReviewView.swift; sourceTree = "<group>"; };
		0F37DD6B2C08F7F8009BB03D /* ReviewCompletedView.swift */ = {isa = PBXFileReference; lastKnownFileType = sourcecode.swift; path = ReviewCompletedView.swift; sourceTree = "<group>"; };
		0F37DD6E2C09BF9B009BB03D /* YourPointView.swift */ = {isa = PBXFileReference; lastKnownFileType = sourcecode.swift; path = YourPointView.swift; sourceTree = "<group>"; };
		0FB4E6532C0B8CE000E6926D /* MonthlyWinPrizeView.swift */ = {isa = PBXFileReference; lastKnownFileType = sourcecode.swift; path = MonthlyWinPrizeView.swift; sourceTree = "<group>"; };
		0FB4E6572C0B98FC00E6926D /* SettingsView.swift */ = {isa = PBXFileReference; lastKnownFileType = sourcecode.swift; path = SettingsView.swift; sourceTree = "<group>"; };
		0FB4E65A2C0B991B00E6926D /* HomeView.swift */ = {isa = PBXFileReference; lastKnownFileType = sourcecode.swift; path = HomeView.swift; sourceTree = "<group>"; };
		0FB4E65C2C0B9EB400E6926D /* SearchingNumberView.swift */ = {isa = PBXFileReference; lastKnownFileType = sourcecode.swift; path = SearchingNumberView.swift; sourceTree = "<group>"; };
		0FB4E65E2C0F119300E6926D /* ProfileSettingsView.swift */ = {isa = PBXFileReference; lastKnownFileType = sourcecode.swift; path = ProfileSettingsView.swift; sourceTree = "<group>"; };
		0FB4E6602C16F6E600E6926D /* GenderSelectionView.swift */ = {isa = PBXFileReference; lastKnownFileType = sourcecode.swift; path = GenderSelectionView.swift; sourceTree = "<group>"; };
		0FB4E6662C175EEE00E6926D /* AboutUsView.swift */ = {isa = PBXFileReference; lastKnownFileType = sourcecode.swift; path = AboutUsView.swift; sourceTree = "<group>"; };
		0FB4E6682C1770F600E6926D /* PrivacyPolicyView.swift */ = {isa = PBXFileReference; lastKnownFileType = sourcecode.swift; path = PrivacyPolicyView.swift; sourceTree = "<group>"; };
		0FB4E66A2C17719800E6926D /* TermsView.swift */ = {isa = PBXFileReference; lastKnownFileType = sourcecode.swift; path = TermsView.swift; sourceTree = "<group>"; };
		0FB4E66D2C183EE000E6926D /* LaunchView.swift */ = {isa = PBXFileReference; lastKnownFileType = sourcecode.swift; path = LaunchView.swift; sourceTree = "<group>"; };
		0FB4E66F2C1843C400E6926D /* RegistereSelectionView.swift */ = {isa = PBXFileReference; lastKnownFileType = sourcecode.swift; path = RegistereSelectionView.swift; sourceTree = "<group>"; };
		0FB4E6712C18D02300E6926D /* SignUpView.swift */ = {isa = PBXFileReference; lastKnownFileType = sourcecode.swift; path = SignUpView.swift; sourceTree = "<group>"; };
		0FB4E6732C19993A00E6926D /* RakpomSignUpView.swift */ = {isa = PBXFileReference; lastKnownFileType = sourcecode.swift; path = RakpomSignUpView.swift; sourceTree = "<group>"; };
		0FB4E6762C1AE19C00E6926D /* BarberRegisterView.swift */ = {isa = PBXFileReference; lastKnownFileType = sourcecode.swift; path = BarberRegisterView.swift; sourceTree = "<group>"; };
		0FB4E6792C1C40CD00E6926D /* OTPView.swift */ = {isa = PBXFileReference; lastKnownFileType = sourcecode.swift; path = OTPView.swift; sourceTree = "<group>"; };
		0FB4E67C2C1C434B00E6926D /* CompletedView.swift */ = {isa = PBXFileReference; lastKnownFileType = sourcecode.swift; path = CompletedView.swift; sourceTree = "<group>"; };
		0FB4E67F2C1C474800E6926D /* BarberHomeView.swift */ = {isa = PBXFileReference; lastKnownFileType = sourcecode.swift; path = BarberHomeView.swift; sourceTree = "<group>"; };
		0FEECF012C22E42A00CA182B /* TransactionView.swift */ = {isa = PBXFileReference; lastKnownFileType = sourcecode.swift; path = TransactionView.swift; sourceTree = "<group>"; };
		0FEECF032C22E50600CA182B /* BarberHeaderView.swift */ = {isa = PBXFileReference; lastKnownFileType = sourcecode.swift; path = BarberHeaderView.swift; sourceTree = "<group>"; };
		0FEECF052C22E75100CA182B /* TitleView.swift */ = {isa = PBXFileReference; lastKnownFileType = sourcecode.swift; path = TitleView.swift; sourceTree = "<group>"; };
		0FEECF072C2362E800CA182B /* TransferDetailView.swift */ = {isa = PBXFileReference; lastKnownFileType = sourcecode.swift; path = TransferDetailView.swift; sourceTree = "<group>"; };
		0FF351A42C241168002EE1E7 /* CashDetailView.swift */ = {isa = PBXFileReference; lastKnownFileType = sourcecode.swift; path = CashDetailView.swift; sourceTree = "<group>"; };
		0FF351A72C241542002EE1E7 /* ShopReservationView.swift */ = {isa = PBXFileReference; lastKnownFileType = sourcecode.swift; path = ShopReservationView.swift; sourceTree = "<group>"; };
		0FF351AA2C2574F7002EE1E7 /* BarberNotiView.swift */ = {isa = PBXFileReference; lastKnownFileType = sourcecode.swift; path = BarberNotiView.swift; sourceTree = "<group>"; };
		0FF351AD2C2974CA002EE1E7 /* MyAccountView.swift */ = {isa = PBXFileReference; lastKnownFileType = sourcecode.swift; path = MyAccountView.swift; sourceTree = "<group>"; };
		0FF351B02C29DE75002EE1E7 /* WithdrawListView.swift */ = {isa = PBXFileReference; lastKnownFileType = sourcecode.swift; path = WithdrawListView.swift; sourceTree = "<group>"; };
		0FF351B22C2C020E002EE1E7 /* RatingView.swift */ = {isa = PBXFileReference; lastKnownFileType = sourcecode.swift; path = RatingView.swift; sourceTree = "<group>"; };
		0FF351B42C2C1269002EE1E7 /* BarberReviewView.swift */ = {isa = PBXFileReference; lastKnownFileType = sourcecode.swift; path = BarberReviewView.swift; sourceTree = "<group>"; };
		0FF351B62C354DDC002EE1E7 /* ImportantNewsView.swift */ = {isa = PBXFileReference; lastKnownFileType = sourcecode.swift; path = ImportantNewsView.swift; sourceTree = "<group>"; };
		0FF351B92C37F59F002EE1E7 /* ShopSettingsView.swift */ = {isa = PBXFileReference; lastKnownFileType = sourcecode.swift; path = ShopSettingsView.swift; sourceTree = "<group>"; };
		0FF351D82C5162AF002EE1E7 /* CustomerMainView.swift */ = {isa = PBXFileReference; lastKnownFileType = sourcecode.swift; path = CustomerMainView.swift; sourceTree = "<group>"; };
		0FF351DB2C73B5FB002EE1E7 /* CustomTabBar.swift */ = {isa = PBXFileReference; lastKnownFileType = sourcecode.swift; path = CustomTabBar.swift; sourceTree = "<group>"; };
		0FF351DD2C73B80B002EE1E7 /* CustomerMainTabView.swift */ = {isa = PBXFileReference; lastKnownFileType = sourcecode.swift; path = CustomerMainTabView.swift; sourceTree = "<group>"; };
		0FF351DF2C74910D002EE1E7 /* BarberCustomTabBar.swift */ = {isa = PBXFileReference; lastKnownFileType = sourcecode.swift; path = BarberCustomTabBar.swift; sourceTree = "<group>"; };
		0FF351E12C7493C2002EE1E7 /* BarberMainTabView.swift */ = {isa = PBXFileReference; lastKnownFileType = sourcecode.swift; path = BarberMainTabView.swift; sourceTree = "<group>"; };
		0FF351E32C749BF3002EE1E7 /* BarberMainView.swift */ = {isa = PBXFileReference; lastKnownFileType = sourcecode.swift; path = BarberMainView.swift; sourceTree = "<group>"; };
		98AFA44A2C8240C500C95DA4 /* HistoryViewModel.swift */ = {isa = PBXFileReference; lastKnownFileType = sourcecode.swift; path = HistoryViewModel.swift; sourceTree = "<group>"; };
		98AFA44C2C8240D000C95DA4 /* ReservationViewModel.swift */ = {isa = PBXFileReference; lastKnownFileType = sourcecode.swift; path = ReservationViewModel.swift; sourceTree = "<group>"; };
/* End PBXFileReference section */

/* Begin PBXFrameworksBuildPhase section */
		0F0FB3632BF75558004BD500 /* Frameworks */ = {
			isa = PBXFrameworksBuildPhase;
			buildActionMask = 2147483647;
			files = (
			);
			runOnlyForDeploymentPostprocessing = 0;
		};
/* End PBXFrameworksBuildPhase section */

/* Begin PBXGroup section */
		0F0FB35D2BF75558004BD500 = {
			isa = PBXGroup;
			children = (
				0F0FB3682BF75558004BD500 /* Rakpom */,
				0F0FB3672BF75558004BD500 /* Products */,
			);
			sourceTree = "<group>";
		};
		0F0FB3672BF75558004BD500 /* Products */ = {
			isa = PBXGroup;
			children = (
				0F0FB3662BF75558004BD500 /* Rakpom.app */,
			);
			name = Products;
			sourceTree = "<group>";
		};
		0F0FB3682BF75558004BD500 /* Rakpom */ = {
			isa = PBXGroup;
			children = (
				0F37DD502C04F09F009BB03D /* Info.plist */,
				0F37DD4E2C04F072009BB03D /* NotoSansThai.ttf */,
				0F0FB3692BF75558004BD500 /* RakpomApp.swift */,
				0FF351D82C5162AF002EE1E7 /* CustomerMainView.swift */,
				0FF351E32C749BF3002EE1E7 /* BarberMainView.swift */,
				0FF351DA2C73B5BE002EE1E7 /* Custom Tab Bar */,
				0FF351D72C4902FA002EE1E7 /* Components */,
				0FB4E66C2C183E5400E6926D /* Registration */,
				0FB4E6552C0B985600E6926D /* Customer */,
				0FB4E6752C1AE16000E6926D /* BarberShop */,
				0F0FB36D2BF7555A004BD500 /* Assets.xcassets */,
				0F0FB36F2BF7555A004BD500 /* Preview Content */,
			);
			path = Rakpom;
			sourceTree = "<group>";
		};
		0F0FB36F2BF7555A004BD500 /* Preview Content */ = {
			isa = PBXGroup;
			children = (
				0F0FB3702BF7555A004BD500 /* Preview Assets.xcassets */,
			);
			path = "Preview Content";
			sourceTree = "<group>";
		};
		0F37DD442C008481009BB03D /* Reservation */ = {
			isa = PBXGroup;
			children = (
				98AFA44F2C82417C00C95DA4 /* History */,
				0F37DD402BFF06D0009BB03D /* ReservationView.swift */,
				98AFA44C2C8240D000C95DA4 /* ReservationViewModel.swift */,
				0F37DD422C00844A009BB03D /* ConfirmReservationView.swift */,
				0F37DD452C046D88009BB03D /* ReviewView.swift */,
			);
			path = Reservation;
			sourceTree = "<group>";
		};
		0F37DD472C047D00009BB03D /* Point */ = {
			isa = PBXGroup;
			children = (
				0F37DD482C047D13009BB03D /* PointView.swift */,
			);
			path = Point;
			sourceTree = "<group>";
		};
		0F37DD4A2C048503009BB03D /* Notification */ = {
			isa = PBXGroup;
			children = (
				0F37DD4B2C048522009BB03D /* NotificationView.swift */,
			);
			path = Notification;
			sourceTree = "<group>";
		};
		0F37DD512C050CFA009BB03D /* Payment */ = {
			isa = PBXGroup;
			children = (
				0F37DD522C050D29009BB03D /* PaymentSelectionView.swift */,
				0F37DD672C08ECB3009BB03D /* SubmitPaymentView.swift */,
				0F37DD692C08F106009BB03D /* WriteReviewView.swift */,
				0F37DD6B2C08F7F8009BB03D /* ReviewCompletedView.swift */,
				0F37DD5A2C05DDFB009BB03D /* Scan */,
				0F37DD5B2C05DE4B009BB03D /* Cash */,
				0F37DD5C2C05DE58009BB03D /* Point */,
			);
			path = Payment;
			sourceTree = "<group>";
		};
		0F37DD5A2C05DDFB009BB03D /* Scan */ = {
			isa = PBXGroup;
			children = (
				0F37DD5D2C05DE90009BB03D /* ScanConfirmView.swift */,
			);
			path = Scan;
			sourceTree = "<group>";
		};
		0F37DD5B2C05DE4B009BB03D /* Cash */ = {
			isa = PBXGroup;
			children = (
				0F37DD612C08DBA1009BB03D /* CashConfirmView.swift */,
			);
			path = Cash;
			sourceTree = "<group>";
		};
		0F37DD5C2C05DE58009BB03D /* Point */ = {
			isa = PBXGroup;
			children = (
				0F37DD652C08E579009BB03D /* PointConfirmView.swift */,
			);
			path = Point;
			sourceTree = "<group>";
		};
		0F37DD6D2C09BEDA009BB03D /* Prize */ = {
			isa = PBXGroup;
			children = (
				0FB4E6532C0B8CE000E6926D /* MonthlyWinPrizeView.swift */,
				0F37DD6E2C09BF9B009BB03D /* YourPointView.swift */,
				0FB4E65C2C0B9EB400E6926D /* SearchingNumberView.swift */,
			);
			path = Prize;
			sourceTree = "<group>";
		};
		0FB4E6552C0B985600E6926D /* Customer */ = {
			isa = PBXGroup;
			children = (
				0FB4E6562C0B98A500E6926D /* Home */,
				0F37DD6D2C09BEDA009BB03D /* Prize */,
				0F37DD442C008481009BB03D /* Reservation */,
				0F37DD472C047D00009BB03D /* Point */,
				0F37DD4A2C048503009BB03D /* Notification */,
				0F37DD512C050CFA009BB03D /* Payment */,
			);
			path = Customer;
			sourceTree = "<group>";
		};
		0FB4E6562C0B98A500E6926D /* Home */ = {
			isa = PBXGroup;
			children = (
				0FB4E65A2C0B991B00E6926D /* HomeView.swift */,
				0FB4E6652C175EB000E6926D /* Settings */,
			);
			path = Home;
			sourceTree = "<group>";
		};
		0FB4E6642C175E6800E6926D /* ProfileSettings */ = {
			isa = PBXGroup;
			children = (
				0FB4E65E2C0F119300E6926D /* ProfileSettingsView.swift */,
				0FB4E6602C16F6E600E6926D /* GenderSelectionView.swift */,
			);
			path = ProfileSettings;
			sourceTree = "<group>";
		};
		0FB4E6652C175EB000E6926D /* Settings */ = {
			isa = PBXGroup;
			children = (
				0FB4E6572C0B98FC00E6926D /* SettingsView.swift */,
				0FB4E6662C175EEE00E6926D /* AboutUsView.swift */,
				0FB4E6682C1770F600E6926D /* PrivacyPolicyView.swift */,
				0FB4E66A2C17719800E6926D /* TermsView.swift */,
				0FB4E6642C175E6800E6926D /* ProfileSettings */,
			);
			path = Settings;
			sourceTree = "<group>";
		};
		0FB4E66C2C183E5400E6926D /* Registration */ = {
			isa = PBXGroup;
			children = (
				0FB4E66D2C183EE000E6926D /* LaunchView.swift */,
				0FB4E66F2C1843C400E6926D /* RegistereSelectionView.swift */,
				0FB4E6712C18D02300E6926D /* SignUpView.swift */,
				0FB4E6732C19993A00E6926D /* RakpomSignUpView.swift */,
			);
			path = Registration;
			sourceTree = "<group>";
		};
		0FB4E6752C1AE16000E6926D /* BarberShop */ = {
			isa = PBXGroup;
			children = (
				0FB4E6782C1C40B100E6926D /* Register */,
				0FB4E67E2C1C46DA00E6926D /* Home */,
				0FEECF002C22E2B100CA182B /* Transaction */,
				0FF351A62C241504002EE1E7 /* Reservation */,
				0FF351A92C2432DA002EE1E7 /* Notification */,
				0FF351AC2C297406002EE1E7 /* Account */,
				0FF351AF2C297B3C002EE1E7 /* Review */,
			);
			path = BarberShop;
			sourceTree = "<group>";
		};
		0FB4E6782C1C40B100E6926D /* Register */ = {
			isa = PBXGroup;
			children = (
				0FB4E6762C1AE19C00E6926D /* BarberRegisterView.swift */,
				0FB4E6792C1C40CD00E6926D /* OTPView.swift */,
				0FB4E67C2C1C434B00E6926D /* CompletedView.swift */,
			);
			path = Register;
			sourceTree = "<group>";
		};
		0FB4E67E2C1C46DA00E6926D /* Home */ = {
			isa = PBXGroup;
			children = (
				0FB4E67F2C1C474800E6926D /* BarberHomeView.swift */,
				0FF351B62C354DDC002EE1E7 /* ImportantNewsView.swift */,
				0FF351B82C37F579002EE1E7 /* ShopSettings */,
			);
			path = Home;
			sourceTree = "<group>";
		};
		0FEECF002C22E2B100CA182B /* Transaction */ = {
			isa = PBXGroup;
			children = (
				0FEECF012C22E42A00CA182B /* TransactionView.swift */,
				0FEECF072C2362E800CA182B /* TransferDetailView.swift */,
				0FF351A42C241168002EE1E7 /* CashDetailView.swift */,
			);
			path = Transaction;
			sourceTree = "<group>";
		};
		0FF351A62C241504002EE1E7 /* Reservation */ = {
			isa = PBXGroup;
			children = (
				0FF351A72C241542002EE1E7 /* ShopReservationView.swift */,
			);
			path = Reservation;
			sourceTree = "<group>";
		};
		0FF351A92C2432DA002EE1E7 /* Notification */ = {
			isa = PBXGroup;
			children = (
				0FF351AA2C2574F7002EE1E7 /* BarberNotiView.swift */,
			);
			path = Notification;
			sourceTree = "<group>";
		};
		0FF351AC2C297406002EE1E7 /* Account */ = {
			isa = PBXGroup;
			children = (
				0FF351AD2C2974CA002EE1E7 /* MyAccountView.swift */,
				0FF351B02C29DE75002EE1E7 /* WithdrawListView.swift */,
			);
			path = Account;
			sourceTree = "<group>";
		};
		0FF351AF2C297B3C002EE1E7 /* Review */ = {
			isa = PBXGroup;
			children = (
				0FF351B42C2C1269002EE1E7 /* BarberReviewView.swift */,
			);
			path = Review;
			sourceTree = "<group>";
		};
		0FF351B82C37F579002EE1E7 /* ShopSettings */ = {
			isa = PBXGroup;
			children = (
				0FF351B92C37F59F002EE1E7 /* ShopSettingsView.swift */,
			);
			path = ShopSettings;
			sourceTree = "<group>";
		};
		0FF351D72C4902FA002EE1E7 /* Components */ = {
			isa = PBXGroup;
			children = (
				0FEECF032C22E50600CA182B /* BarberHeaderView.swift */,
				0F37DD542C05C3FE009BB03D /* CustomerHeaderView.swift */,
				0F37DD5F2C05DEED009BB03D /* BackHeaderView.swift */,
				0FEECF052C22E75100CA182B /* TitleView.swift */,
				0FF351B22C2C020E002EE1E7 /* RatingView.swift */,
				0F37DD562C05D9F1009BB03D /* OptionButton.swift */,
				0F37DD582C05DB31009BB03D /* AppButton.swift */,
			);
			path = Components;
			sourceTree = "<group>";
		};
		0FF351DA2C73B5BE002EE1E7 /* Custom Tab Bar */ = {
			isa = PBXGroup;
			children = (
				0FF351DD2C73B80B002EE1E7 /* CustomerMainTabView.swift */,
				0FF351DB2C73B5FB002EE1E7 /* CustomTabBar.swift */,
				0FF351E12C7493C2002EE1E7 /* BarberMainTabView.swift */,
				0FF351DF2C74910D002EE1E7 /* BarberCustomTabBar.swift */,
			);
			path = "Custom Tab Bar";
			sourceTree = "<group>";
		};
		98AFA44F2C82417C00C95DA4 /* History */ = {
			isa = PBXGroup;
			children = (
				0F0FB36B2BF75558004BD500 /* HistoryView.swift */,
				98AFA44A2C8240C500C95DA4 /* HistoryViewModel.swift */,
			);
			path = History;
			sourceTree = "<group>";
		};
/* End PBXGroup section */

/* Begin PBXNativeTarget section */
		0F0FB3652BF75558004BD500 /* Rakpom */ = {
			isa = PBXNativeTarget;
			buildConfigurationList = 0F0FB3742BF7555A004BD500 /* Build configuration list for PBXNativeTarget "Rakpom" */;
			buildPhases = (
				0F0FB3622BF75558004BD500 /* Sources */,
				0F0FB3632BF75558004BD500 /* Frameworks */,
				0F0FB3642BF75558004BD500 /* Resources */,
			);
			buildRules = (
			);
			dependencies = (
			);
			name = Rakpom;
			productName = Rakpom;
			productReference = 0F0FB3662BF75558004BD500 /* Rakpom.app */;
			productType = "com.apple.product-type.application";
		};
/* End PBXNativeTarget section */

/* Begin PBXProject section */
		0F0FB35E2BF75558004BD500 /* Project object */ = {
			isa = PBXProject;
			attributes = {
				BuildIndependentTargetsInParallel = 1;
				LastSwiftUpdateCheck = 1520;
				LastUpgradeCheck = 1520;
				TargetAttributes = {
					0F0FB3652BF75558004BD500 = {
						CreatedOnToolsVersion = 15.2;
					};
				};
			};
			buildConfigurationList = 0F0FB3612BF75558004BD500 /* Build configuration list for PBXProject "Rakpom" */;
			compatibilityVersion = "Xcode 14.0";
			developmentRegion = en;
			hasScannedForEncodings = 0;
			knownRegions = (
				en,
				Base,
			);
			mainGroup = 0F0FB35D2BF75558004BD500;
			productRefGroup = 0F0FB3672BF75558004BD500 /* Products */;
			projectDirPath = "";
			projectRoot = "";
			targets = (
				0F0FB3652BF75558004BD500 /* Rakpom */,
			);
		};
/* End PBXProject section */

/* Begin PBXResourcesBuildPhase section */
		0F0FB3642BF75558004BD500 /* Resources */ = {
			isa = PBXResourcesBuildPhase;
			buildActionMask = 2147483647;
			files = (
				0F0FB3712BF7555A004BD500 /* Preview Assets.xcassets in Resources */,
				0F37DD4F2C04F072009BB03D /* NotoSansThai.ttf in Resources */,
				0F0FB36E2BF7555A004BD500 /* Assets.xcassets in Resources */,
			);
			runOnlyForDeploymentPostprocessing = 0;
		};
/* End PBXResourcesBuildPhase section */

/* Begin PBXSourcesBuildPhase section */
		0F0FB3622BF75558004BD500 /* Sources */ = {
			isa = PBXSourcesBuildPhase;
			buildActionMask = 2147483647;
			files = (
				0FB4E6702C1843C400E6926D /* RegistereSelectionView.swift in Sources */,
				0FB4E6582C0B98FC00E6926D /* SettingsView.swift in Sources */,
				0FB4E6612C16F6E600E6926D /* GenderSelectionView.swift in Sources */,
				0F37DD572C05D9F1009BB03D /* OptionButton.swift in Sources */,
				0F37DD462C046D88009BB03D /* ReviewView.swift in Sources */,
				0FB4E6542C0B8CE000E6926D /* MonthlyWinPrizeView.swift in Sources */,
				0F37DD552C05C3FE009BB03D /* CustomerHeaderView.swift in Sources */,
				0FEECF082C2362E800CA182B /* TransferDetailView.swift in Sources */,
				0FB4E65B2C0B991B00E6926D /* HomeView.swift in Sources */,
				0FF351A52C241168002EE1E7 /* CashDetailView.swift in Sources */,
				0F0FB36C2BF75558004BD500 /* HistoryView.swift in Sources */,
				0F37DD662C08E579009BB03D /* PointConfirmView.swift in Sources */,
				98AFA44D2C8240D000C95DA4 /* ReservationViewModel.swift in Sources */,
				0FF351D92C5162AF002EE1E7 /* CustomerMainView.swift in Sources */,
				0FF351E22C7493C2002EE1E7 /* BarberMainTabView.swift in Sources */,
				0F37DD4C2C048522009BB03D /* NotificationView.swift in Sources */,
				0FF351AB2C2574F7002EE1E7 /* BarberNotiView.swift in Sources */,
				0FF351DC2C73B5FB002EE1E7 /* CustomTabBar.swift in Sources */,
				0FB4E65F2C0F119300E6926D /* ProfileSettingsView.swift in Sources */,
				0FB4E65D2C0B9EB400E6926D /* SearchingNumberView.swift in Sources */,
				0FF351E02C74910D002EE1E7 /* BarberCustomTabBar.swift in Sources */,
				0FB4E67D2C1C434B00E6926D /* CompletedView.swift in Sources */,
				0FF351DE2C73B80B002EE1E7 /* CustomerMainTabView.swift in Sources */,
				0FB4E6802C1C474800E6926D /* BarberHomeView.swift in Sources */,
				0FF351BA2C37F59F002EE1E7 /* ShopSettingsView.swift in Sources */,
				0FF351B32C2C020E002EE1E7 /* RatingView.swift in Sources */,
				0FB4E66B2C17719800E6926D /* TermsView.swift in Sources */,
				0F0FB36A2BF75558004BD500 /* RakpomApp.swift in Sources */,
				0F37DD622C08DBA1009BB03D /* CashConfirmView.swift in Sources */,
				0FF351B12C29DE75002EE1E7 /* WithdrawListView.swift in Sources */,
				0FF351AE2C2974CA002EE1E7 /* MyAccountView.swift in Sources */,
				0FB4E6692C1770F600E6926D /* PrivacyPolicyView.swift in Sources */,
				0F37DD6C2C08F7F8009BB03D /* ReviewCompletedView.swift in Sources */,
				0FB4E6672C175EEE00E6926D /* AboutUsView.swift in Sources */,
				0FF351B52C2C1269002EE1E7 /* BarberReviewView.swift in Sources */,
				0F37DD6A2C08F106009BB03D /* WriteReviewView.swift in Sources */,
				0FB4E67A2C1C40CD00E6926D /* OTPView.swift in Sources */,
				0FF351B72C354DDC002EE1E7 /* ImportantNewsView.swift in Sources */,
				0F37DD602C05DEED009BB03D /* BackHeaderView.swift in Sources */,
				0FB4E6742C19993A00E6926D /* RakpomSignUpView.swift in Sources */,
				0F37DD5E2C05DE90009BB03D /* ScanConfirmView.swift in Sources */,
				0FF351E42C749BF3002EE1E7 /* BarberMainView.swift in Sources */,
				0F37DD532C050D29009BB03D /* PaymentSelectionView.swift in Sources */,
				0F37DD6F2C09BF9B009BB03D /* YourPointView.swift in Sources */,
				0FEECF042C22E50600CA182B /* BarberHeaderView.swift in Sources */,
				0F37DD492C047D13009BB03D /* PointView.swift in Sources */,
				0FB4E6772C1AE19C00E6926D /* BarberRegisterView.swift in Sources */,
				0FB4E66E2C183EE000E6926D /* LaunchView.swift in Sources */,
				0FF351A82C241542002EE1E7 /* ShopReservationView.swift in Sources */,
				0F37DD412BFF06D0009BB03D /* ReservationView.swift in Sources */,
				0FB4E6722C18D02300E6926D /* SignUpView.swift in Sources */,
				0F37DD432C00844A009BB03D /* ConfirmReservationView.swift in Sources */,
				0F37DD592C05DB31009BB03D /* AppButton.swift in Sources */,
				0F37DD682C08ECB3009BB03D /* SubmitPaymentView.swift in Sources */,
				0FEECF022C22E42A00CA182B /* TransactionView.swift in Sources */,
				0FEECF062C22E75100CA182B /* TitleView.swift in Sources */,
				98AFA44B2C8240C500C95DA4 /* HistoryViewModel.swift in Sources */,
			);
			runOnlyForDeploymentPostprocessing = 0;
		};
/* End PBXSourcesBuildPhase section */

/* Begin XCBuildConfiguration section */
		0F0FB3722BF7555A004BD500 /* Debug */ = {
			isa = XCBuildConfiguration;
			buildSettings = {
				ALWAYS_SEARCH_USER_PATHS = NO;
				ASSETCATALOG_COMPILER_GENERATE_SWIFT_ASSET_SYMBOL_EXTENSIONS = YES;
				CLANG_ANALYZER_NONNULL = YES;
				CLANG_ANALYZER_NUMBER_OBJECT_CONVERSION = YES_AGGRESSIVE;
				CLANG_CXX_LANGUAGE_STANDARD = "gnu++20";
				CLANG_ENABLE_MODULES = YES;
				CLANG_ENABLE_OBJC_ARC = YES;
				CLANG_ENABLE_OBJC_WEAK = YES;
				CLANG_WARN_BLOCK_CAPTURE_AUTORELEASING = YES;
				CLANG_WARN_BOOL_CONVERSION = YES;
				CLANG_WARN_COMMA = YES;
				CLANG_WARN_CONSTANT_CONVERSION = YES;
				CLANG_WARN_DEPRECATED_OBJC_IMPLEMENTATIONS = YES;
				CLANG_WARN_DIRECT_OBJC_ISA_USAGE = YES_ERROR;
				CLANG_WARN_DOCUMENTATION_COMMENTS = YES;
				CLANG_WARN_EMPTY_BODY = YES;
				CLANG_WARN_ENUM_CONVERSION = YES;
				CLANG_WARN_INFINITE_RECURSION = YES;
				CLANG_WARN_INT_CONVERSION = YES;
				CLANG_WARN_NON_LITERAL_NULL_CONVERSION = YES;
				CLANG_WARN_OBJC_IMPLICIT_RETAIN_SELF = YES;
				CLANG_WARN_OBJC_LITERAL_CONVERSION = YES;
				CLANG_WARN_OBJC_ROOT_CLASS = YES_ERROR;
				CLANG_WARN_QUOTED_INCLUDE_IN_FRAMEWORK_HEADER = YES;
				CLANG_WARN_RANGE_LOOP_ANALYSIS = YES;
				CLANG_WARN_STRICT_PROTOTYPES = YES;
				CLANG_WARN_SUSPICIOUS_MOVE = YES;
				CLANG_WARN_UNGUARDED_AVAILABILITY = YES_AGGRESSIVE;
				CLANG_WARN_UNREACHABLE_CODE = YES;
				CLANG_WARN__DUPLICATE_METHOD_MATCH = YES;
				COPY_PHASE_STRIP = NO;
				DEBUG_INFORMATION_FORMAT = dwarf;
				ENABLE_STRICT_OBJC_MSGSEND = YES;
				ENABLE_TESTABILITY = YES;
				ENABLE_USER_SCRIPT_SANDBOXING = YES;
				GCC_C_LANGUAGE_STANDARD = gnu17;
				GCC_DYNAMIC_NO_PIC = NO;
				GCC_NO_COMMON_BLOCKS = YES;
				GCC_OPTIMIZATION_LEVEL = 0;
				GCC_PREPROCESSOR_DEFINITIONS = (
					"DEBUG=1",
					"$(inherited)",
				);
				GCC_WARN_64_TO_32_BIT_CONVERSION = YES;
				GCC_WARN_ABOUT_RETURN_TYPE = YES_ERROR;
				GCC_WARN_UNDECLARED_SELECTOR = YES;
				GCC_WARN_UNINITIALIZED_AUTOS = YES_AGGRESSIVE;
				GCC_WARN_UNUSED_FUNCTION = YES;
				GCC_WARN_UNUSED_VARIABLE = YES;
				IPHONEOS_DEPLOYMENT_TARGET = 17.2;
				LOCALIZATION_PREFERS_STRING_CATALOGS = YES;
				MTL_ENABLE_DEBUG_INFO = INCLUDE_SOURCE;
				MTL_FAST_MATH = YES;
				ONLY_ACTIVE_ARCH = YES;
				SDKROOT = iphoneos;
				SWIFT_ACTIVE_COMPILATION_CONDITIONS = "DEBUG $(inherited)";
				SWIFT_OPTIMIZATION_LEVEL = "-Onone";
			};
			name = Debug;
		};
		0F0FB3732BF7555A004BD500 /* Release */ = {
			isa = XCBuildConfiguration;
			buildSettings = {
				ALWAYS_SEARCH_USER_PATHS = NO;
				ASSETCATALOG_COMPILER_GENERATE_SWIFT_ASSET_SYMBOL_EXTENSIONS = YES;
				CLANG_ANALYZER_NONNULL = YES;
				CLANG_ANALYZER_NUMBER_OBJECT_CONVERSION = YES_AGGRESSIVE;
				CLANG_CXX_LANGUAGE_STANDARD = "gnu++20";
				CLANG_ENABLE_MODULES = YES;
				CLANG_ENABLE_OBJC_ARC = YES;
				CLANG_ENABLE_OBJC_WEAK = YES;
				CLANG_WARN_BLOCK_CAPTURE_AUTORELEASING = YES;
				CLANG_WARN_BOOL_CONVERSION = YES;
				CLANG_WARN_COMMA = YES;
				CLANG_WARN_CONSTANT_CONVERSION = YES;
				CLANG_WARN_DEPRECATED_OBJC_IMPLEMENTATIONS = YES;
				CLANG_WARN_DIRECT_OBJC_ISA_USAGE = YES_ERROR;
				CLANG_WARN_DOCUMENTATION_COMMENTS = YES;
				CLANG_WARN_EMPTY_BODY = YES;
				CLANG_WARN_ENUM_CONVERSION = YES;
				CLANG_WARN_INFINITE_RECURSION = YES;
				CLANG_WARN_INT_CONVERSION = YES;
				CLANG_WARN_NON_LITERAL_NULL_CONVERSION = YES;
				CLANG_WARN_OBJC_IMPLICIT_RETAIN_SELF = YES;
				CLANG_WARN_OBJC_LITERAL_CONVERSION = YES;
				CLANG_WARN_OBJC_ROOT_CLASS = YES_ERROR;
				CLANG_WARN_QUOTED_INCLUDE_IN_FRAMEWORK_HEADER = YES;
				CLANG_WARN_RANGE_LOOP_ANALYSIS = YES;
				CLANG_WARN_STRICT_PROTOTYPES = YES;
				CLANG_WARN_SUSPICIOUS_MOVE = YES;
				CLANG_WARN_UNGUARDED_AVAILABILITY = YES_AGGRESSIVE;
				CLANG_WARN_UNREACHABLE_CODE = YES;
				CLANG_WARN__DUPLICATE_METHOD_MATCH = YES;
				COPY_PHASE_STRIP = NO;
				DEBUG_INFORMATION_FORMAT = "dwarf-with-dsym";
				ENABLE_NS_ASSERTIONS = NO;
				ENABLE_STRICT_OBJC_MSGSEND = YES;
				ENABLE_USER_SCRIPT_SANDBOXING = YES;
				GCC_C_LANGUAGE_STANDARD = gnu17;
				GCC_NO_COMMON_BLOCKS = YES;
				GCC_WARN_64_TO_32_BIT_CONVERSION = YES;
				GCC_WARN_ABOUT_RETURN_TYPE = YES_ERROR;
				GCC_WARN_UNDECLARED_SELECTOR = YES;
				GCC_WARN_UNINITIALIZED_AUTOS = YES_AGGRESSIVE;
				GCC_WARN_UNUSED_FUNCTION = YES;
				GCC_WARN_UNUSED_VARIABLE = YES;
				IPHONEOS_DEPLOYMENT_TARGET = 17.2;
				LOCALIZATION_PREFERS_STRING_CATALOGS = YES;
				MTL_ENABLE_DEBUG_INFO = NO;
				MTL_FAST_MATH = YES;
				SDKROOT = iphoneos;
				SWIFT_COMPILATION_MODE = wholemodule;
				VALIDATE_PRODUCT = YES;
			};
			name = Release;
		};
		0F0FB3752BF7555A004BD500 /* Debug */ = {
			isa = XCBuildConfiguration;
			buildSettings = {
				ASSETCATALOG_COMPILER_APPICON_NAME = AppIcon;
				ASSETCATALOG_COMPILER_GLOBAL_ACCENT_COLOR_NAME = AccentColor;
				CODE_SIGN_STYLE = Automatic;
				CURRENT_PROJECT_VERSION = 1;
				DEVELOPMENT_ASSET_PATHS = "\"Rakpom/Preview Content\"";
				DEVELOPMENT_TEAM = A524LR8F6J;
				ENABLE_PREVIEWS = YES;
				GENERATE_INFOPLIST_FILE = YES;
				INFOPLIST_FILE = Rakpom/Info.plist;
				INFOPLIST_KEY_UIApplicationSceneManifest_Generation = YES;
				INFOPLIST_KEY_UIApplicationSupportsIndirectInputEvents = YES;
				INFOPLIST_KEY_UILaunchScreen_Generation = YES;
				INFOPLIST_KEY_UISupportedInterfaceOrientations_iPad = "UIInterfaceOrientationPortrait UIInterfaceOrientationPortraitUpsideDown UIInterfaceOrientationLandscapeLeft UIInterfaceOrientationLandscapeRight";
				INFOPLIST_KEY_UISupportedInterfaceOrientations_iPhone = "UIInterfaceOrientationPortrait UIInterfaceOrientationLandscapeLeft UIInterfaceOrientationLandscapeRight";
				IPHONEOS_DEPLOYMENT_TARGET = 17.2;
				LD_RUNPATH_SEARCH_PATHS = (
					"$(inherited)",
					"@executable_path/Frameworks",
				);
				MARKETING_VERSION = 1.0;
				PRODUCT_BUNDLE_IDENTIFIER = com.catmeox.Rakpom;
				PRODUCT_NAME = "$(TARGET_NAME)";
				SWIFT_EMIT_LOC_STRINGS = YES;
				SWIFT_VERSION = 5.0;
				TARGETED_DEVICE_FAMILY = "1,2";
			};
			name = Debug;
		};
		0F0FB3762BF7555A004BD500 /* Release */ = {
			isa = XCBuildConfiguration;
			buildSettings = {
				ASSETCATALOG_COMPILER_APPICON_NAME = AppIcon;
				ASSETCATALOG_COMPILER_GLOBAL_ACCENT_COLOR_NAME = AccentColor;
				CODE_SIGN_STYLE = Automatic;
				CURRENT_PROJECT_VERSION = 1;
				DEVELOPMENT_ASSET_PATHS = "\"Rakpom/Preview Content\"";
				DEVELOPMENT_TEAM = A524LR8F6J;
				ENABLE_PREVIEWS = YES;
				GENERATE_INFOPLIST_FILE = YES;
				INFOPLIST_FILE = Rakpom/Info.plist;
				INFOPLIST_KEY_UIApplicationSceneManifest_Generation = YES;
				INFOPLIST_KEY_UIApplicationSupportsIndirectInputEvents = YES;
				INFOPLIST_KEY_UILaunchScreen_Generation = YES;
				INFOPLIST_KEY_UISupportedInterfaceOrientations_iPad = "UIInterfaceOrientationPortrait UIInterfaceOrientationPortraitUpsideDown UIInterfaceOrientationLandscapeLeft UIInterfaceOrientationLandscapeRight";
				INFOPLIST_KEY_UISupportedInterfaceOrientations_iPhone = "UIInterfaceOrientationPortrait UIInterfaceOrientationLandscapeLeft UIInterfaceOrientationLandscapeRight";
				IPHONEOS_DEPLOYMENT_TARGET = 17.2;
				LD_RUNPATH_SEARCH_PATHS = (
					"$(inherited)",
					"@executable_path/Frameworks",
				);
				MARKETING_VERSION = 1.0;
				PRODUCT_BUNDLE_IDENTIFIER = com.catmeox.Rakpom;
				PRODUCT_NAME = "$(TARGET_NAME)";
				SWIFT_EMIT_LOC_STRINGS = YES;
				SWIFT_VERSION = 5.0;
				TARGETED_DEVICE_FAMILY = "1,2";
			};
			name = Release;
		};
/* End XCBuildConfiguration section */

/* Begin XCConfigurationList section */
		0F0FB3612BF75558004BD500 /* Build configuration list for PBXProject "Rakpom" */ = {
			isa = XCConfigurationList;
			buildConfigurations = (
				0F0FB3722BF7555A004BD500 /* Debug */,
				0F0FB3732BF7555A004BD500 /* Release */,
			);
			defaultConfigurationIsVisible = 0;
			defaultConfigurationName = Release;
		};
		0F0FB3742BF7555A004BD500 /* Build configuration list for PBXNativeTarget "Rakpom" */ = {
			isa = XCConfigurationList;
			buildConfigurations = (
				0F0FB3752BF7555A004BD500 /* Debug */,
				0F0FB3762BF7555A004BD500 /* Release */,
			);
			defaultConfigurationIsVisible = 0;
			defaultConfigurationName = Release;
		};
/* End XCConfigurationList section */
	};
	rootObject = 0F0FB35E2BF75558004BD500 /* Project object */;
}
